
Microsoft Visual Studio Solution File, Format Version 12.00
# Visual Studio Version 17
VisualStudioVersion = 17.1.31911.260
MinimumVisualStudioVersion = 10.0.40219.1
Project("{9A19103F-16F7-4668-BE54-9A1E7A4F7556}") = "MyFemsApi", "MyFemsApi\MyFemsApi.csproj", "{4827513D-D649-4E7D-83B3-A72732F46627}"
EndProject
Project("{2150E333-8FDC-42A3-9474-1A3956D46DE8}") = "Server", "Server", "{91716E3B-F260-4A9C-B67A-D944B013636A}"
EndProject
Project("{2150E333-8FDC-42A3-9474-1A3956D46DE8}") = "Clients", "Clients", "{0713BF12-1711-4CDB-A5A5-2429CC584042}"
EndProject
Project("{2150E333-8FDC-42A3-9474-1A3956D46DE8}") = "Common", "Common", "{99DE2009-DE2E-49BB-B47F-9789A97ABE27}"
EndProject
Project("{9A19103F-16F7-4668-BE54-9A1E7A4F7556}") = "MyFemsMauiClient", "MyFemsMauiClient\MyFemsMauiClient.csproj", "{0BB9583F-4C12-46B8-9D1D-8ACE29D40713}"
EndProject
Project("{9A19103F-16F7-4668-BE54-9A1E7A4F7556}") = "MyFemsWpfClient", "MyFemsWpfClient\MyFemsWpfClient.csproj", "{1667C24F-9CD0-4D88-9401-B072E6EBE024}"
EndProject
Project("{9A19103F-16F7-4668-BE54-9A1E7A4F7556}") = "DAL", "DAL\DAL.csproj", "{F3B6B3F1-3D2E-47DA-B7B1-0C14CFA3BFB0}"
EndProject
Project("{2150E333-8FDC-42A3-9474-1A3956D46DE8}") = "Web", "Web", "{1DB75433-8275-4D85-B077-657B4B949482}"
EndProject
Project("{2150E333-8FDC-42A3-9474-1A3956D46DE8}") = "Desktop", "Desktop", "{80D58D30-324D-4EDE-AB9D-12F474D5BF47}"
EndProject
Project("{9A19103F-16F7-4668-BE54-9A1E7A4F7556}") = "Dto", "Dto\Dto.csproj", "{2993DD7F-3194-4071-B2F6-A1757B79E4C7}"
EndProject
Project("{9A19103F-16F7-4668-BE54-9A1E7A4F7556}") = "Utils", "Utils\Utils.csproj", "{F83DFD26-E03A-4801-B8B4-E67DD424DF0F}"
EndProject
Project("{9A19103F-16F7-4668-BE54-9A1E7A4F7556}") = "RestApiClient", "RestApiClient\RestApiClient.csproj", "{C7693499-86B7-47F0-A433-84F4CBF8A9D6}"
EndProject
Project("{9A19103F-16F7-4668-BE54-9A1E7A4F7556}") = "ClientLocalDAL", "ClientLocalDAL\ClientLocalDAL.csproj", "{F00BBAFE-859E-417C-99FB-DB29B194F525}"
EndProject
Project("{9A19103F-16F7-4668-BE54-9A1E7A4F7556}") = "Shared", "Shared\Shared.csproj", "{6036E601-CF4C-427C-B1E3-1D5FDBC69646}"
EndProject
Global
	GlobalSection(SolutionConfigurationPlatforms) = preSolution
		Debug|Any CPU = Debug|Any CPU
		Release|Any CPU = Release|Any CPU
	EndGlobalSection
	GlobalSection(ProjectConfigurationPlatforms) = postSolution
		{4827513D-D649-4E7D-83B3-A72732F46627}.Debug|Any CPU.ActiveCfg = Debug|Any CPU
		{4827513D-D649-4E7D-83B3-A72732F46627}.Debug|Any CPU.Build.0 = Debug|Any CPU
		{4827513D-D649-4E7D-83B3-A72732F46627}.Release|Any CPU.ActiveCfg = Release|Any CPU
		{4827513D-D649-4E7D-83B3-A72732F46627}.Release|Any CPU.Build.0 = Release|Any CPU
		{0BB9583F-4C12-46B8-9D1D-8ACE29D40713}.Debug|Any CPU.ActiveCfg = Debug|Any CPU
		{0BB9583F-4C12-46B8-9D1D-8ACE29D40713}.Debug|Any CPU.Build.0 = Debug|Any CPU
		{0BB9583F-4C12-46B8-9D1D-8ACE29D40713}.Debug|Any CPU.Deploy.0 = Debug|Any CPU
		{0BB9583F-4C12-46B8-9D1D-8ACE29D40713}.Release|Any CPU.ActiveCfg = Release|Any CPU
		{0BB9583F-4C12-46B8-9D1D-8ACE29D40713}.Release|Any CPU.Build.0 = Release|Any CPU
		{1667C24F-9CD0-4D88-9401-B072E6EBE024}.Debug|Any CPU.ActiveCfg = Debug|Any CPU
		{1667C24F-9CD0-4D88-9401-B072E6EBE024}.Debug|Any CPU.Build.0 = Debug|Any CPU
		{1667C24F-9CD0-4D88-9401-B072E6EBE024}.Release|Any CPU.ActiveCfg = Release|Any CPU
		{1667C24F-9CD0-4D88-9401-B072E6EBE024}.Release|Any CPU.Build.0 = Release|Any CPU
		{F3B6B3F1-3D2E-47DA-B7B1-0C14CFA3BFB0}.Debug|Any CPU.ActiveCfg = Debug|Any CPU
		{F3B6B3F1-3D2E-47DA-B7B1-0C14CFA3BFB0}.Debug|Any CPU.Build.0 = Debug|Any CPU
		{F3B6B3F1-3D2E-47DA-B7B1-0C14CFA3BFB0}.Release|Any CPU.ActiveCfg = Release|Any CPU
		{F3B6B3F1-3D2E-47DA-B7B1-0C14CFA3BFB0}.Release|Any CPU.Build.0 = Release|Any CPU
		{2993DD7F-3194-4071-B2F6-A1757B79E4C7}.Debug|Any CPU.ActiveCfg = Debug|Any CPU
		{2993DD7F-3194-4071-B2F6-A1757B79E4C7}.Debug|Any CPU.Build.0 = Debug|Any CPU
		{2993DD7F-3194-4071-B2F6-A1757B79E4C7}.Release|Any CPU.ActiveCfg = Release|Any CPU
		{2993DD7F-3194-4071-B2F6-A1757B79E4C7}.Release|Any CPU.Build.0 = Release|Any CPU
		{F83DFD26-E03A-4801-B8B4-E67DD424DF0F}.Debug|Any CPU.ActiveCfg = Debug|Any CPU
		{F83DFD26-E03A-4801-B8B4-E67DD424DF0F}.Debug|Any CPU.Build.0 = Debug|Any CPU
		{F83DFD26-E03A-4801-B8B4-E67DD424DF0F}.Release|Any CPU.ActiveCfg = Release|Any CPU
		{F83DFD26-E03A-4801-B8B4-E67DD424DF0F}.Release|Any CPU.Build.0 = Release|Any CPU
		{C7693499-86B7-47F0-A433-84F4CBF8A9D6}.Debug|Any CPU.ActiveCfg = Debug|Any CPU
		{C7693499-86B7-47F0-A433-84F4CBF8A9D6}.Debug|Any CPU.Build.0 = Debug|Any CPU
		{C7693499-86B7-47F0-A433-84F4CBF8A9D6}.Release|Any CPU.ActiveCfg = Release|Any CPU
		{C7693499-86B7-47F0-A433-84F4CBF8A9D6}.Release|Any CPU.Build.0 = Release|Any CPU
		{F00BBAFE-859E-417C-99FB-DB29B194F525}.Debug|Any CPU.ActiveCfg = Debug|Any CPU
		{F00BBAFE-859E-417C-99FB-DB29B194F525}.Debug|Any CPU.Build.0 = Debug|Any CPU
		{F00BBAFE-859E-417C-99FB-DB29B194F525}.Release|Any CPU.ActiveCfg = Release|Any CPU
		{F00BBAFE-859E-417C-99FB-DB29B194F525}.Release|Any CPU.Build.0 = Release|Any CPU
		{6036E601-CF4C-427C-B1E3-1D5FDBC69646}.Debug|Any CPU.ActiveCfg = Debug|Any CPU
		{6036E601-CF4C-427C-B1E3-1D5FDBC69646}.Debug|Any CPU.Build.0 = Debug|Any CPU
		{6036E601-CF4C-427C-B1E3-1D5FDBC69646}.Release|Any CPU.ActiveCfg = Release|Any CPU
		{6036E601-CF4C-427C-B1E3-1D5FDBC69646}.Release|Any CPU.Build.0 = Release|Any CPU
	EndGlobalSection
	GlobalSection(SolutionProperties) = preSolution
		HideSolutionNode = FALSE
	EndGlobalSection
	GlobalSection(NestedProjects) = preSolution
		{4827513D-D649-4E7D-83B3-A72732F46627} = {91716E3B-F260-4A9C-B67A-D944B013636A}
		{0BB9583F-4C12-46B8-9D1D-8ACE29D40713} = {80D58D30-324D-4EDE-AB9D-12F474D5BF47}
		{1667C24F-9CD0-4D88-9401-B072E6EBE024} = {80D58D30-324D-4EDE-AB9D-12F474D5BF47}
		{F3B6B3F1-3D2E-47DA-B7B1-0C14CFA3BFB0} = {91716E3B-F260-4A9C-B67A-D944B013636A}
		{1DB75433-8275-4D85-B077-657B4B949482} = {0713BF12-1711-4CDB-A5A5-2429CC584042}
		{80D58D30-324D-4EDE-AB9D-12F474D5BF47} = {0713BF12-1711-4CDB-A5A5-2429CC584042}
		{2993DD7F-3194-4071-B2F6-A1757B79E4C7} = {99DE2009-DE2E-49BB-B47F-9789A97ABE27}
		{F83DFD26-E03A-4801-B8B4-E67DD424DF0F} = {99DE2009-DE2E-49BB-B47F-9789A97ABE27}
		{C7693499-86B7-47F0-A433-84F4CBF8A9D6} = {80D58D30-324D-4EDE-AB9D-12F474D5BF47}
		{F00BBAFE-859E-417C-99FB-DB29B194F525} = {80D58D30-324D-4EDE-AB9D-12F474D5BF47}
		{6036E601-CF4C-427C-B1E3-1D5FDBC69646} = {80D58D30-324D-4EDE-AB9D-12F474D5BF47}
	EndGlobalSection
	GlobalSection(ExtensibilityGlobals) = postSolution
		SolutionGuid = {003CD484-846C-4CFB-9238-AB931301DB8F}
	EndGlobalSection
EndGlobal
